
Microsoft Visual Studio Solution File, Format Version 12.00
# Visual Studio Version 16
VisualStudioVersion = 16.0.31829.152
MinimumVisualStudioVersion = 10.0.40219.1
Project("{FAE04EC0-301F-11D3-BF4B-00C04F79EFBC}") = "Northwind.Dal", "Northwind.Dal\Northwind.Dal.csproj", "{217ABA70-583C-43AF-8A64-819AAC73E773}"
EndProject
Project("{FAE04EC0-301F-11D3-BF4B-00C04F79EFBC}") = "Northwind.Bll", "Northwind.Bll\Northwind.Bll.csproj", "{C0DA9240-CE9B-44D5-83CD-2A390CCFE25A}"
EndProject
Project("{FAE04EC0-301F-11D3-BF4B-00C04F79EFBC}") = "Northwind.Entity", "Northwind.Entity\Northwind.Entity.csproj", "{B8EDA661-09B9-4511-9186-5BD0465EC46E}"
EndProject
Project("{FAE04EC0-301F-11D3-BF4B-00C04F79EFBC}") = "Northwind.Interface", "Northwind.Interface\Northwind.Interface.csproj", "{580317E9-CBCE-4D01-9DB6-E8D63707D50C}"
EndProject
Project("{FAE04EC0-301F-11D3-BF4B-00C04F79EFBC}") = "Northwind.WebApi", "Northwind.WebApi\Northwind.WebApi.csproj", "{F9004D00-7BB7-4F58-B3E3-9B742A8B838E}"
EndProject
Global
	GlobalSection(SolutionConfigurationPlatforms) = preSolution
		Debug|Any CPU = Debug|Any CPU
		Release|Any CPU = Release|Any CPU
	EndGlobalSection
	GlobalSection(ProjectConfigurationPlatforms) = postSolution
		{217ABA70-583C-43AF-8A64-819AAC73E773}.Debug|Any CPU.ActiveCfg = Debug|Any CPU
		{217ABA70-583C-43AF-8A64-819AAC73E773}.Debug|Any CPU.Build.0 = Debug|Any CPU
		{217ABA70-583C-43AF-8A64-819AAC73E773}.Release|Any CPU.ActiveCfg = Release|Any CPU
		{217ABA70-583C-43AF-8A64-819AAC73E773}.Release|Any CPU.Build.0 = Release|Any CPU
		{C0DA9240-CE9B-44D5-83CD-2A390CCFE25A}.Debug|Any CPU.ActiveCfg = Debug|Any CPU
		{C0DA9240-CE9B-44D5-83CD-2A390CCFE25A}.Debug|Any CPU.Build.0 = Debug|Any CPU
		{C0DA9240-CE9B-44D5-83CD-2A390CCFE25A}.Release|Any CPU.ActiveCfg = Release|Any CPU
		{C0DA9240-CE9B-44D5-83CD-2A390CCFE25A}.Release|Any CPU.Build.0 = Release|Any CPU
		{B8EDA661-09B9-4511-9186-5BD0465EC46E}.Debug|Any CPU.ActiveCfg = Debug|Any CPU
		{B8EDA661-09B9-4511-9186-5BD0465EC46E}.Debug|Any CPU.Build.0 = Debug|Any CPU
		{B8EDA661-09B9-4511-9186-5BD0465EC46E}.Release|Any CPU.ActiveCfg = Release|Any CPU
		{B8EDA661-09B9-4511-9186-5BD0465EC46E}.Release|Any CPU.Build.0 = Release|Any CPU
		{580317E9-CBCE-4D01-9DB6-E8D63707D50C}.Debug|Any CPU.ActiveCfg = Debug|Any CPU
		{580317E9-CBCE-4D01-9DB6-E8D63707D50C}.Debug|Any CPU.Build.0 = Debug|Any CPU
		{580317E9-CBCE-4D01-9DB6-E8D63707D50C}.Release|Any CPU.ActiveCfg = Release|Any CPU
		{580317E9-CBCE-4D01-9DB6-E8D63707D50C}.Release|Any CPU.Build.0 = Release|Any CPU
		{F9004D00-7BB7-4F58-B3E3-9B742A8B838E}.Debug|Any CPU.ActiveCfg = Debug|Any CPU
		{F9004D00-7BB7-4F58-B3E3-9B742A8B838E}.Debug|Any CPU.Build.0 = Debug|Any CPU
		{F9004D00-7BB7-4F58-B3E3-9B742A8B838E}.Release|Any CPU.ActiveCfg = Release|Any CPU
		{F9004D00-7BB7-4F58-B3E3-9B742A8B838E}.Release|Any CPU.Build.0 = Release|Any CPU
	EndGlobalSection
	GlobalSection(SolutionProperties) = preSolution
		HideSolutionNode = FALSE
	EndGlobalSection
	GlobalSection(ExtensibilityGlobals) = postSolution
		SolutionGuid = {5D9B7D73-0AF5-4F4F-9409-4CB1F01E69AF}
	EndGlobalSection
EndGlobal
